
Microsoft Visual Studio Solution File, Format Version 12.00
# Visual Studio Version 16
VisualStudioVersion = 16.0.29613.14
MinimumVisualStudioVersion = 10.0.40219.1
Project("{FAE04EC0-301F-11D3-BF4B-00C04F79EFBC}") = "LazySusan.Android", "LazySusan\LazySusan.Android\LazySusan.Android.csproj", "{C1D9629E-4929-4568-B2F9-BBEA1BC5BD84}"
EndProject
Project("{FAE04EC0-301F-11D3-BF4B-00C04F79EFBC}") = "LazySusan.iOS", "LazySusan\LazySusan.iOS\LazySusan.iOS.csproj", "{4145BE96-065E-4E20-A830-49058880EB8F}"
EndProject
Project("{FAE04EC0-301F-11D3-BF4B-00C04F79EFBC}") = "LazySusan", "LazySusan\LazySusan\LazySusan.csproj", "{80E01E14-8914-4BD7-A408-D9B2569DCCF3}"
EndProject
Global
	GlobalSection(SolutionConfigurationPlatforms) = preSolution
		Debug|Any CPU = Debug|Any CPU
		Debug|iPhone = Debug|iPhone
		Debug|iPhoneSimulator = Debug|iPhoneSimulator
		Release|Any CPU = Release|Any CPU
		Release|iPhone = Release|iPhone
		Release|iPhoneSimulator = Release|iPhoneSimulator
	EndGlobalSection
	GlobalSection(ProjectConfigurationPlatforms) = postSolution
		{C1D9629E-4929-4568-B2F9-BBEA1BC5BD84}.Debug|Any CPU.ActiveCfg = Debug|Any CPU
		{C1D9629E-4929-4568-B2F9-BBEA1BC5BD84}.Debug|Any CPU.Build.0 = Debug|Any CPU
		{C1D9629E-4929-4568-B2F9-BBEA1BC5BD84}.Debug|Any CPU.Deploy.0 = Debug|Any CPU
		{C1D9629E-4929-4568-B2F9-BBEA1BC5BD84}.Debug|iPhone.ActiveCfg = Debug|Any CPU
		{C1D9629E-4929-4568-B2F9-BBEA1BC5BD84}.Debug|iPhone.Build.0 = Debug|Any CPU
		{C1D9629E-4929-4568-B2F9-BBEA1BC5BD84}.Debug|iPhone.Deploy.0 = Debug|Any CPU
		{C1D9629E-4929-4568-B2F9-BBEA1BC5BD84}.Debug|iPhoneSimulator.ActiveCfg = Debug|Any CPU
		{C1D9629E-4929-4568-B2F9-BBEA1BC5BD84}.Debug|iPhoneSimulator.Build.0 = Debug|Any CPU
		{C1D9629E-4929-4568-B2F9-BBEA1BC5BD84}.Debug|iPhoneSimulator.Deploy.0 = Debug|Any CPU
		{C1D9629E-4929-4568-B2F9-BBEA1BC5BD84}.Release|Any CPU.ActiveCfg = Release|Any CPU
		{C1D9629E-4929-4568-B2F9-BBEA1BC5BD84}.Release|Any CPU.Build.0 = Release|Any CPU
		{C1D9629E-4929-4568-B2F9-BBEA1BC5BD84}.Release|Any CPU.Deploy.0 = Release|Any CPU
		{C1D9629E-4929-4568-B2F9-BBEA1BC5BD84}.Release|iPhone.ActiveCfg = Release|Any CPU
		{C1D9629E-4929-4568-B2F9-BBEA1BC5BD84}.Release|iPhone.Build.0 = Release|Any CPU
		{C1D9629E-4929-4568-B2F9-BBEA1BC5BD84}.Release|iPhone.Deploy.0 = Release|Any CPU
		{C1D9629E-4929-4568-B2F9-BBEA1BC5BD84}.Release|iPhoneSimulator.ActiveCfg = Release|Any CPU
		{C1D9629E-4929-4568-B2F9-BBEA1BC5BD84}.Release|iPhoneSimulator.Build.0 = Release|Any CPU
		{C1D9629E-4929-4568-B2F9-BBEA1BC5BD84}.Release|iPhoneSimulator.Deploy.0 = Release|Any CPU
		{4145BE96-065E-4E20-A830-49058880EB8F}.Debug|Any CPU.ActiveCfg = Debug|iPhoneSimulator
		{4145BE96-065E-4E20-A830-49058880EB8F}.Debug|Any CPU.Build.0 = Debug|iPhoneSimulator
		{4145BE96-065E-4E20-A830-49058880EB8F}.Debug|Any CPU.Deploy.0 = Debug|iPhoneSimulator
		{4145BE96-065E-4E20-A830-49058880EB8F}.Debug|iPhone.ActiveCfg = Debug|iPhone
		{4145BE96-065E-4E20-A830-49058880EB8F}.Debug|iPhone.Build.0 = Debug|iPhone
		{4145BE96-065E-4E20-A830-49058880EB8F}.Debug|iPhone.Deploy.0 = Debug|iPhone
		{4145BE96-065E-4E20-A830-49058880EB8F}.Debug|iPhoneSimulator.ActiveCfg = Debug|iPhoneSimulator
		{4145BE96-065E-4E20-A830-49058880EB8F}.Debug|iPhoneSimulator.Build.0 = Debug|iPhoneSimulator
		{4145BE96-065E-4E20-A830-49058880EB8F}.Debug|iPhoneSimulator.Deploy.0 = Debug|iPhoneSimulator
		{4145BE96-065E-4E20-A830-49058880EB8F}.Release|Any CPU.ActiveCfg = Release|iPhone
		{4145BE96-065E-4E20-A830-49058880EB8F}.Release|Any CPU.Build.0 = Release|iPhone
		{4145BE96-065E-4E20-A830-49058880EB8F}.Release|Any CPU.Deploy.0 = Release|iPhone
		{4145BE96-065E-4E20-A830-49058880EB8F}.Release|iPhone.ActiveCfg = Release|iPhone
		{4145BE96-065E-4E20-A830-49058880EB8F}.Release|iPhone.Build.0 = Release|iPhone
		{4145BE96-065E-4E20-A830-49058880EB8F}.Release|iPhone.Deploy.0 = Release|iPhone
		{4145BE96-065E-4E20-A830-49058880EB8F}.Release|iPhoneSimulator.ActiveCfg = Release|iPhoneSimulator
		{4145BE96-065E-4E20-A830-49058880EB8F}.Release|iPhoneSimulator.Build.0 = Release|iPhoneSimulator
		{4145BE96-065E-4E20-A830-49058880EB8F}.Release|iPhoneSimulator.Deploy.0 = Release|iPhoneSimulator
		{80E01E14-8914-4BD7-A408-D9B2569DCCF3}.Debug|Any CPU.ActiveCfg = Debug|Any CPU
		{80E01E14-8914-4BD7-A408-D9B2569DCCF3}.Debug|Any CPU.Build.0 = Debug|Any CPU
		{80E01E14-8914-4BD7-A408-D9B2569DCCF3}.Debug|Any CPU.Deploy.0 = Debug|Any CPU
		{80E01E14-8914-4BD7-A408-D9B2569DCCF3}.Debug|iPhone.ActiveCfg = Debug|Any CPU
		{80E01E14-8914-4BD7-A408-D9B2569DCCF3}.Debug|iPhone.Build.0 = Debug|Any CPU
		{80E01E14-8914-4BD7-A408-D9B2569DCCF3}.Debug|iPhone.Deploy.0 = Debug|Any CPU
		{80E01E14-8914-4BD7-A408-D9B2569DCCF3}.Debug|iPhoneSimulator.ActiveCfg = Debug|Any CPU
		{80E01E14-8914-4BD7-A408-D9B2569DCCF3}.Debug|iPhoneSimulator.Build.0 = Debug|Any CPU
		{80E01E14-8914-4BD7-A408-D9B2569DCCF3}.Debug|iPhoneSimulator.Deploy.0 = Debug|Any CPU
		{80E01E14-8914-4BD7-A408-D9B2569DCCF3}.Release|Any CPU.ActiveCfg = Release|Any CPU
		{80E01E14-8914-4BD7-A408-D9B2569DCCF3}.Release|Any CPU.Build.0 = Release|Any CPU
		{80E01E14-8914-4BD7-A408-D9B2569DCCF3}.Release|Any CPU.Deploy.0 = Release|Any CPU
		{80E01E14-8914-4BD7-A408-D9B2569DCCF3}.Release|iPhone.ActiveCfg = Release|Any CPU
		{80E01E14-8914-4BD7-A408-D9B2569DCCF3}.Release|iPhone.Build.0 = Release|Any CPU
		{80E01E14-8914-4BD7-A408-D9B2569DCCF3}.Release|iPhone.Deploy.0 = Release|Any CPU
		{80E01E14-8914-4BD7-A408-D9B2569DCCF3}.Release|iPhoneSimulator.ActiveCfg = Release|Any CPU
		{80E01E14-8914-4BD7-A408-D9B2569DCCF3}.Release|iPhoneSimulator.Build.0 = Release|Any CPU
		{80E01E14-8914-4BD7-A408-D9B2569DCCF3}.Release|iPhoneSimulator.Deploy.0 = Release|Any CPU
	EndGlobalSection
	GlobalSection(SolutionProperties) = preSolution
		HideSolutionNode = FALSE
	EndGlobalSection
	GlobalSection(ExtensibilityGlobals) = postSolution
		SolutionGuid = {5F5A6C16-A84A-42FA-B7B9-559A13A8A7A3}
	EndGlobalSection
EndGlobal
